
Microsoft Visual Studio Solution File, Format Version 12.00
# Visual Studio Version 17
VisualStudioVersion = 17.2.32630.192
MinimumVisualStudioVersion = 10.0.40219.1
Project("{FAE04EC0-301F-11D3-BF4B-00C04F79EFBC}") = "Lab6_3", "Lab6_3\Lab6_3.csproj", "{4368F00D-3FDA-4E60-A75E-A6FDFA5D5AAB}"
EndProject
Global
	GlobalSection(SolutionConfigurationPlatforms) = preSolution
		Debug|Any CPU = Debug|Any CPU
		Release|Any CPU = Release|Any CPU
	EndGlobalSection
	GlobalSection(ProjectConfigurationPlatforms) = postSolution
		{4368F00D-3FDA-4E60-A75E-A6FDFA5D5AAB}.Debug|Any CPU.ActiveCfg = Debug|Any CPU
		{4368F00D-3FDA-4E60-A75E-A6FDFA5D5AAB}.Debug|Any CPU.Build.0 = Debug|Any CPU
		{4368F00D-3FDA-4E60-A75E-A6FDFA5D5AAB}.Release|Any CPU.ActiveCfg = Release|Any CPU
		{4368F00D-3FDA-4E60-A75E-A6FDFA5D5AAB}.Release|Any CPU.Build.0 = Release|Any CPU
	EndGlobalSection
	GlobalSection(SolutionProperties) = preSolution
		HideSolutionNode = FALSE
	EndGlobalSection
	GlobalSection(ExtensibilityGlobals) = postSolution
		SolutionGuid = {F4248BEA-DD46-453F-8F7F-734E178A812E}
	EndGlobalSection
EndGlobal
